{
    "_readme": [
        "This file locks the dependencies of your project to a known state",
        "Read more about it at http://getcomposer.org/doc/01-basic-usage.md#composer-lock-the-lock-file",
        "This file is @generated automatically"
    ],
    "hash": "87bf6ffff2138b38b8db9e6d117451db",
    "packages": [
        {
            "name": "ajshort/silverstripe-memberprofiles",
            "version": "dev-master",
            "source": {
                "type": "git",
                "url": "git@github.com:ajshort/silverstripe-memberprofiles.git",
                "reference": "a54b097a2775b26721345fb352b77cb316e73380"
            },
            "dist": {
                "type": "zip",
                "url": "https://api.github.com/repos/ajshort/silverstripe-memberprofiles/zipball/a54b097a2775b26721345fb352b77cb316e73380",
                "reference": "a54b097a2775b26721345fb352b77cb316e73380",
                "shasum": ""
            },
            "require": {
                "silverstripe/cms": "3.*",
                "silverstripe/framework": "3.*"
            },
            "replace": {
                "ajshort/silverstripe-memberprofiles": "self.version",
                "silverstripe/memberprofiles": "self.version"
            },
            "suggest": {
                "ajshort/silverstripe-gridfieldextensions": "Allows drag-and-drop reordering of fields"
            },
            "type": "silverstripe-module",
            "extra": {
                "installer-name": "memberprofiles",
                "screenshots": [
                    "http://ajshort.github.com/silverstripe-memberprofiles/screenshots/edit-profile.png",
                    "http://ajshort.github.com/silverstripe-memberprofiles/screenshots/cms-profile-fields.png",
                    "http://ajshort.github.com/silverstripe-memberprofiles/screenshots/member-list.png"
                ]
            },
            "notification-url": "https://packagist.org/downloads/",
            "license": [
                "BSD-3-Clause"
            ],
            "authors": [
                {
                    "name": "Andrew Short",
                    "email": "andrewjshort@gmail.com"
                }
            ],
            "description": "Member registration and profile management",
            "keywords": [
                "member",
                "profile",
                "registration",
                "silverstripe"
            ],
            "abandoned": "silverstripe-australia/memberprofiles",
            "time": "2015-05-18 02:41:29"
        },
        {
            "name": "colymba/gridfield-bulk-editing-tools",
            "version": "dev-master",
            "source": {
                "type": "git",
                "url": "https://github.com/colymba/GridFieldBulkEditingTools.git",
                "reference": "8c0598a9bab411c9c9a95ca89ae3cd4e7779f887"
            },
            "dist": {
                "type": "zip",
                "url": "https://api.github.com/repos/colymba/GridFieldBulkEditingTools/zipball/8c0598a9bab411c9c9a95ca89ae3cd4e7779f887",
                "reference": "8c0598a9bab411c9c9a95ca89ae3cd4e7779f887",
                "shasum": ""
            },
            "require": {
                "silverstripe/framework": ">=3.1"
            },
            "type": "silverstripe-module",
            "notification-url": "https://packagist.org/downloads/",
            "license": [
                "BSD Simplified"
            ],
            "authors": [
                {
                    "name": "Thierry Francois",
                    "homepage": "http://colymba.com"
                },
                {
                    "name": "GitHub contributors",
                    "homepage": "https://github.com/colymba/GridFieldBulkEditingTools/contributors"
                }
            ],
            "description": "SilverStripe 3 GridField component to upload images and edit records in bulk",
            "homepage": "https://github.com/colymba/GridFieldBulkEditingTools",
            "keywords": [
                "Image upload",
                "bulk upload",
                "gridfield bulk upload",
                "silverstripe"
            ],
            "time": "2016-04-27 08:51:12"
        },
        {
            "name": "composer/installers",
            "version": "dev-master",
            "source": {
                "type": "git",
                "url": "https://github.com/composer/installers.git",
                "reference": "21a8c06dd5fe0a22b776797cc552e51d17d7e7dd"
            },
            "dist": {
                "type": "zip",
                "url": "https://api.github.com/repos/composer/installers/zipball/21a8c06dd5fe0a22b776797cc552e51d17d7e7dd",
                "reference": "21a8c06dd5fe0a22b776797cc552e51d17d7e7dd",
                "shasum": ""
            },
            "require": {
                "composer-plugin-api": "^1.0"
            },
            "replace": {
                "roundcube/plugin-installer": "*",
                "shama/baton": "*"
            },
            "require-dev": {
                "composer/composer": "1.0.*@dev",
                "phpunit/phpunit": "4.1.*"
            },
            "type": "composer-plugin",
            "extra": {
                "class": "Composer\\Installers\\Plugin",
                "branch-alias": {
                    "dev-master": "1.0-dev"
                }
            },
            "autoload": {
                "psr-4": {
                    "Composer\\Installers\\": "src/Composer/Installers"
                }
            },
            "notification-url": "https://packagist.org/downloads/",
            "license": [
                "MIT"
            ],
            "authors": [
                {
                    "name": "Kyle Robinson Young",
                    "email": "kyle@dontkry.com",
                    "homepage": "https://github.com/shama"
                }
            ],
            "description": "A multi-framework Composer library installer",
            "homepage": "https://composer.github.io/installers/",
            "keywords": [
                "Craft",
                "Dolibarr",
                "Hurad",
                "ImageCMS",
                "MODX Evo",
                "Mautic",
                "OXID",
                "RadPHP",
                "SMF",
                "Thelia",
                "WolfCMS",
                "agl",
                "aimeos",
                "annotatecms",
                "bitrix",
                "cakephp",
                "chef",
                "codeigniter",
                "concrete5",
                "croogo",
                "dokuwiki",
                "drupal",
                "elgg",
                "fuelphp",
                "grav",
                "installer",
                "joomla",
                "kohana",
                "laravel",
                "lithium",
                "magento",
                "mako",
                "mediawiki",
                "modulework",
                "moodle",
                "phpbb",
                "piwik",
                "ppi",
                "puppet",
                "roundcube",
                "shopware",
                "silverstripe",
                "symfony",
                "typo3",
                "wordpress",
                "zend",
                "zikula"
            ],
            "time": "2016-04-24 13:17:36"
        },
        {
            "name": "facebook/php-sdk-v4",
            "version": "4.0.23",
            "source": {
                "type": "git",
                "url": "https://github.com/facebook/facebook-php-sdk-v4.git",
                "reference": "c82611e05596622c9bd7abfa1cea1512d885c95e"
            },
            "dist": {
                "type": "zip",
                "url": "https://api.github.com/repos/facebook/facebook-php-sdk-v4/zipball/c82611e05596622c9bd7abfa1cea1512d885c95e",
                "reference": "c82611e05596622c9bd7abfa1cea1512d885c95e",
                "shasum": ""
            },
            "require": {
                "php": ">=5.4.0"
            },
            "require-dev": {
                "guzzlehttp/guzzle": "~4.0",
                "mockery/mockery": "dev-master",
                "phpunit/phpunit": "3.7.*"
            },
            "suggest": {
                "guzzlehttp/guzzle": "Allows for implementation of the Guzzle HTTP client"
            },
            "type": "library",
            "autoload": {
                "psr-4": {
                    "Facebook\\": "src/Facebook/"
                }
            },
            "notification-url": "https://packagist.org/downloads/",
            "license": [
                "Facebook Platform"
            ],
            "authors": [
                {
                    "name": "Facebook",
                    "homepage": "https://github.com/facebook/facebook-php-sdk-v4/contributors"
                }
            ],
            "description": "Facebook SDK for PHP",
            "homepage": "https://github.com/facebook/facebook-php-sdk-v4",
            "keywords": [
                "facebook",
                "sdk"
            ],
            "time": "2015-04-03 20:31:47"
        },
        {
            "name": "gdmedia/ss-auto-git-ignore",
            "version": "dev-master",
            "source": {
                "type": "git",
                "url": "https://github.com/guru-digital/SSAutoGitIgnore.git",
                "reference": "8021f819a4c5e8508e7f3542b199144cad45d727"
            },
            "dist": {
                "type": "zip",
                "url": "https://api.github.com/repos/guru-digital/SSAutoGitIgnore/zipball/8021f819a4c5e8508e7f3542b199144cad45d727",
                "reference": "8021f819a4c5e8508e7f3542b199144cad45d727",
                "shasum": ""
            },
            "type": "library",
            "autoload": {
                "psr-0": {
                    "GDM\\": "./"
                }
            },
            "notification-url": "https://packagist.org/downloads/",
            "authors": [
                {
                    "name": "Corey Sewell",
                    "email": "corey@gurudigal.nz"
                }
            ],
            "description": "A Composer post-update-cmd script to automatically add Composer managed SilverStripe modules and themes to .gitignore",
            "time": "2015-12-30 08:59:16"
        },
        {
            "name": "silverstripe/cms",
            "version": "3.3.x-dev",
            "source": {
                "type": "git",
                "url": "https://github.com/silverstripe/silverstripe-cms.git",
                "reference": "06d882b49ceb27cb3d8e1b2e40cbd5830245c2ff"
            },
            "dist": {
                "type": "zip",
                "url": "https://api.github.com/repos/silverstripe/silverstripe-cms/zipball/06d882b49ceb27cb3d8e1b2e40cbd5830245c2ff",
                "reference": "06d882b49ceb27cb3d8e1b2e40cbd5830245c2ff",
                "shasum": ""
            },
            "require": {
                "composer/installers": "*",
                "php": ">=5.3.3",
                "silverstripe/framework": "~3.3",
                "silverstripe/reports": "~3.3",
                "silverstripe/siteconfig": "~3.3"
            },
            "type": "silverstripe-module",
            "extra": {
                "branch-alias": {
                    "3.x-dev": "3.3.x-dev"
                }
            },
            "autoload": {
                "classmap": [
                    "tests/behat/"
                ]
            },
            "notification-url": "https://packagist.org/downloads/",
            "license": [
                "BSD-3-Clause"
            ],
            "authors": [
                {
                    "name": "SilverStripe",
                    "homepage": "http://silverstripe.com"
                },
                {
                    "name": "The SilverStripe Community",
                    "homepage": "http://silverstripe.org"
                }
            ],
            "description": "The SilverStripe Content Management System",
            "homepage": "http://silverstripe.org",
            "keywords": [
                "cms",
                "silverstripe"
            ],
            "time": "2016-04-26 00:50:03"
        },
        {
            "name": "silverstripe/controllerpolicy",
            "version": "dev-master",
            "source": {
                "type": "git",
                "url": "https://github.com/silverstripe-labs/silverstripe-controllerpolicy.git",
                "reference": "5218ebce7e3fbe97d2a6d1805d5ba4ef88fea427"
            },
            "dist": {
                "type": "zip",
                "url": "https://api.github.com/repos/silverstripe-labs/silverstripe-controllerpolicy/zipball/5218ebce7e3fbe97d2a6d1805d5ba4ef88fea427",
                "reference": "5218ebce7e3fbe97d2a6d1805d5ba4ef88fea427",
                "shasum": ""
            },
            "require": {
                "silverstripe/framework": "~3.1"
            },
            "type": "silverstripe-module",
            "notification-url": "https://packagist.org/downloads/",
            "license": [
                "BSD-3-Clause"
            ],
            "authors": [
                {
                    "name": "Mateusz Uzdowski",
                    "email": "mateusz@silverstripe.com"
                }
            ],
            "description": "SilverStripe module providing a framework for per-controller policies. Includes a caching policy implementation that's more flexible than the Framework's default.",
            "keywords": [
                "Policy",
                "caching",
                "silverstripe"
            ],
            "time": "2016-02-19 01:25:59"
        },
        {
            "name": "silverstripe/framework",
            "version": "3.3.x-dev",
            "source": {
                "type": "git",
                "url": "https://github.com/silverstripe/silverstripe-framework.git",
                "reference": "745faebd81a868d319f7000fe880c23d4e99fd1b"
            },
            "dist": {
                "type": "zip",
                "url": "https://api.github.com/repos/silverstripe/silverstripe-framework/zipball/745faebd81a868d319f7000fe880c23d4e99fd1b",
                "reference": "745faebd81a868d319f7000fe880c23d4e99fd1b",
                "shasum": ""
            },
            "require": {
                "composer/installers": "~1.0",
                "php": ">=5.3.3,<7"
            },
            "require-dev": {
                "phpunit/phpunit": "~3.7"
            },
            "type": "silverstripe-module",
            "extra": {
                "branch-alias": {
                    "3.x-dev": "3.3.x-dev"
                }
            },
            "autoload": {
                "classmap": [
                    "tests/behat/features/bootstrap"
                ]
            },
            "notification-url": "https://packagist.org/downloads/",
            "license": [
                "BSD-3-Clause"
            ],
            "authors": [
                {
                    "name": "SilverStripe",
                    "homepage": "http://silverstripe.com"
                },
                {
                    "name": "The SilverStripe Community",
                    "homepage": "http://silverstripe.org"
                }
            ],
            "description": "The SilverStripe framework",
            "homepage": "http://silverstripe.org",
            "keywords": [
                "framework",
                "silverstripe"
            ],
            "time": "2016-04-25 23:17:09"
        },
        {
            "name": "silverstripe/reports",
            "version": "3.x-dev",
            "source": {
                "type": "git",
                "url": "https://github.com/silverstripe-labs/silverstripe-reports.git",
                "reference": "fe1707335507d3531ad6c860fddd763027f6b23a"
            },
            "dist": {
                "type": "zip",
                "url": "https://api.github.com/repos/silverstripe-labs/silverstripe-reports/zipball/fe1707335507d3531ad6c860fddd763027f6b23a",
                "reference": "fe1707335507d3531ad6c860fddd763027f6b23a",
                "shasum": ""
            },
            "require": {
                "php": ">=5.3.3,<7",
                "silverstripe/framework": "~3.3"
            },
            "require-dev": {
                "phpunit/phpunit": "~3.7"
            },
            "type": "silverstripe-module",
            "extra": {
                "branch-alias": {
                    "3.x-dev": "3.4.x-dev"
                }
            },
            "notification-url": "https://packagist.org/downloads/",
            "license": [
                "BSD-3-Clause"
            ],
            "authors": [
                {
                    "name": "SilverStripe",
                    "homepage": "http://silverstripe.com"
                },
                {
                    "name": "The SilverStripe Community",
                    "homepage": "http://silverstripe.org"
                }
            ],
            "description": "Reports module for SilverStripe CMS",
            "homepage": "http://silverstripe.org",
            "keywords": [
                "cms",
                "reports",
                "silverstripe"
            ],
            "time": "2016-04-26 01:30:18"
        },
        {
            "name": "silverstripe/restfulserver",
            "version": "dev-master",
            "source": {
                "type": "git",
                "url": "https://github.com/silverstripe/silverstripe-restfulserver.git",
                "reference": "f6025eac1d934a80e650c0aa9b700d35342cb44c"
            },
            "dist": {
                "type": "zip",
                "url": "https://api.github.com/repos/silverstripe/silverstripe-restfulserver/zipball/f6025eac1d934a80e650c0aa9b700d35342cb44c",
                "reference": "f6025eac1d934a80e650c0aa9b700d35342cb44c",
                "shasum": ""
            },
            "require": {
                "silverstripe/framework": "3.*"
            },
            "type": "silverstripe-module",
            "extra": {
                "branch-alias": {
                    "dev-master": "1.0.x-dev"
                }
            },
            "notification-url": "https://packagist.org/downloads/",
            "license": [
                "BSD-3-Clause"
            ],
            "authors": [
                {
                    "name": "Sam Minnee",
                    "email": "sam@silverstripe.com"
                },
                {
                    "name": "Hamish Friedlander",
                    "email": "hamish@silverstripe.com"
                }
            ],
            "description": "Add a RESTful API to your SilverStripe application",
            "keywords": [
                "api",
                "rest",
                "silverstripe"
            ],
            "time": "2016-02-04 02:32:17"
        },
        {
            "name": "silverstripe/siteconfig",
            "version": "3.x-dev",
            "source": {
                "type": "git",
                "url": "https://github.com/silverstripe/silverstripe-siteconfig.git",
                "reference": "194ebd4bcb3472f33f58e5dcaab5fa74b62286cf"
            },
            "dist": {
                "type": "zip",
                "url": "https://api.github.com/repos/silverstripe/silverstripe-siteconfig/zipball/194ebd4bcb3472f33f58e5dcaab5fa74b62286cf",
                "reference": "194ebd4bcb3472f33f58e5dcaab5fa74b62286cf",
                "shasum": ""
            },
            "require": {
                "silverstripe/framework": "*"
            },
            "type": "silverstripe-module",
            "extra": {
                "branch-alias": {
                    "3.x-dev": "3.4.x-dev"
                }
            },
            "autoload": {
                "classmap": [
                    "tests/behat/"
                ]
            },
            "notification-url": "https://packagist.org/downloads/",
            "authors": [
                {
                    "name": "Will Rossiter",
                    "email": "will@fullscreen.io"
                }
            ],
            "description": "Site wide settings administration.",
            "keywords": [
                "silverstripe",
                "siteconfig"
            ],
            "time": "2016-04-26 01:18:04"
        },
        {
            "name": "silverstripe/widgets",
            "version": "dev-master",
            "source": {
                "type": "git",
                "url": "https://github.com/silverstripe/silverstripe-widgets.git",
                "reference": "90d6402185c08ebe2cb22aaacb329dd87280010f"
            },
            "dist": {
                "type": "zip",
                "url": "https://api.github.com/repos/silverstripe/silverstripe-widgets/zipball/90d6402185c08ebe2cb22aaacb329dd87280010f",
                "reference": "90d6402185c08ebe2cb22aaacb329dd87280010f",
                "shasum": ""
            },
            "require": {
                "silverstripe/cms": ">=3.2",
                "silverstripe/framework": ">=3.2"
            },
            "require-dev": {
                "phpunit/phpunit": "~3.7@stable"
            },
            "type": "silverstripe-module",
            "extra": {
                "branch-alias": {
                    "dev-master": "1.2.x-dev"
                }
            },
            "notification-url": "https://packagist.org/downloads/",
            "license": [
                "BSD-3-Clause"
            ],
            "authors": [
                {
                    "name": "Ingo Schommer",
                    "email": "ingo@silverstripe.com"
                }
            ],
            "description": "Widgets are small pieces of functionality such as showing the latest Comments or Flickr Photos. They normally display on the sidebar of your website.",
            "keywords": [
                "blog",
                "silverstripe",
                "widgets"
            ],
            "time": "2016-02-04 05:19:51"
        },
        {
            "name": "unclecheese/betterbuttons",
            "version": "dev-master",
            "source": {
                "type": "git",
                "url": "https://github.com/unclecheese/silverstripe-gridfield-betterbuttons.git",
                "reference": "245caaff2abc95e7037d6160b79eae9f4e2926e5"
            },
            "dist": {
                "type": "zip",
                "url": "https://api.github.com/repos/unclecheese/silverstripe-gridfield-betterbuttons/zipball/245caaff2abc95e7037d6160b79eae9f4e2926e5",
                "reference": "245caaff2abc95e7037d6160b79eae9f4e2926e5",
                "shasum": ""
            },
            "require": {
                "silverstripe/framework": "~3.1"
            },
            "type": "silverstripe-module",
            "notification-url": "https://packagist.org/downloads/",
            "license": [
                "GNU"
            ],
            "authors": [
                {
                    "name": "Uncle Cheese",
                    "email": "unclecheese@leftandmain.com"
                }
            ],
            "description": "Adds new form actions and buttons to GridField detail form for usability enhancements.",
            "keywords": [
                "buttons",
                "gridfield",
                "silverstripe"
            ],
            "time": "2016-04-28 04:29:04"
        },
        {
            "name": "undefinedoffset/sortablegridfield",
            "version": "dev-master",
            "source": {
                "type": "git",
                "url": "https://github.com/UndefinedOffset/SortableGridField.git",
                "reference": "fc2e8e5538198ce94fff0efd1a5564d0ce726dd3"
            },
            "dist": {
                "type": "zip",
                "url": "https://api.github.com/repos/UndefinedOffset/SortableGridField/zipball/fc2e8e5538198ce94fff0efd1a5564d0ce726dd3",
                "reference": "fc2e8e5538198ce94fff0efd1a5564d0ce726dd3",
                "shasum": ""
            },
            "require": {
                "composer/installers": "*",
                "silverstripe/framework": ">=3.0.1"
            },
            "type": "silverstripe-module",
            "extra": {
                "installer-name": "sortablegridfield"
            },
            "notification-url": "https://packagist.org/downloads/",
            "license": [
                "BSD-3-Clause"
            ],
            "authors": [
                {
                    "name": "Ed Chipman",
                    "homepage": "http://www.edchipman.ca",
                    "role": "Developer"
                }
            ],
            "description": "Adds drag and drop functionality to SilverStripe 3.0's GridField",
            "keywords": [
                "gridfield",
                "silverstripe"
            ],
            "time": "2016-04-04 15:32:51"
        },
        {
            "name": "wilr/silverstripe-facebookconnect",
            "version": "dev-master",
            "source": {
                "type": "git",
                "url": "https://github.com/wilr/silverstripe-facebookconnect.git",
                "reference": "cd680e1b2052a66d159310075f4f068d201c633c"
            },
            "dist": {
                "type": "zip",
                "url": "https://api.github.com/repos/wilr/silverstripe-facebookconnect/zipball/cd680e1b2052a66d159310075f4f068d201c633c",
                "reference": "cd680e1b2052a66d159310075f4f068d201c633c",
                "shasum": ""
            },
            "require": {
                "facebook/php-sdk-v4": "4.0.*@dev",
                "silverstripe/framework": ">=3.1"
            },
            "type": "silverstripe-module",
            "extra": {
                "installer-name": "facebookconnect"
            },
            "notification-url": "https://packagist.org/downloads/",
            "license": [
                "BSD-3-Clause"
            ],
            "authors": [
                {
                    "name": "Will Rossiter",
                    "email": "will@fullscreen.io"
                }
            ],
            "description": "Integration of Facebook Connect into SilverStripe",
            "homepage": "https://github.com/wilr/silverstripe-facebookconnect",
            "keywords": [
                "facebook",
                "silverstripe"
            ],
            "time": "2016-03-24 02:05:52"
        }
    ],
    "packages-dev": [
        {
            "name": "erusev/parsedown",
            "version": "1.1.4",
            "source": {
                "type": "git",
                "url": "https://github.com/erusev/parsedown.git",
                "reference": "495e7ac73bb5fde6b857b88ff2bb1b5e79a4263a"
            },
            "dist": {
                "type": "zip",
                "url": "https://api.github.com/repos/erusev/parsedown/zipball/495e7ac73bb5fde6b857b88ff2bb1b5e79a4263a",
                "reference": "495e7ac73bb5fde6b857b88ff2bb1b5e79a4263a",
                "shasum": ""
            },
            "type": "library",
            "autoload": {
                "psr-0": {
                    "Parsedown": ""
                }
            },
            "notification-url": "https://packagist.org/downloads/",
            "license": [
                "MIT"
            ],
            "authors": [
                {
                    "name": "Emanuil Rusev",
                    "email": "hello@erusev.com",
                    "homepage": "http://erusev.com"
                }
            ],
            "description": "Parser for Markdown.",
            "homepage": "http://parsedown.org",
            "keywords": [
                "markdown",
                "parser"
            ],
            "time": "2014-11-29 02:29:14"
        },
        {
            "name": "erusev/parsedown-extra",
            "version": "0.2.2",
            "source": {
                "type": "git",
                "url": "https://github.com/erusev/parsedown-extra.git",
                "reference": "910f726ab6c92ba24e5579f57507c7197d09a159"
            },
            "dist": {
                "type": "zip",
                "url": "https://api.github.com/repos/erusev/parsedown-extra/zipball/910f726ab6c92ba24e5579f57507c7197d09a159",
                "reference": "910f726ab6c92ba24e5579f57507c7197d09a159",
                "shasum": ""
            },
            "require": {
                "erusev/parsedown": "~1.0"
            },
            "type": "library",
            "autoload": {
                "psr-0": {
                    "ParsedownExtra": ""
                }
            },
            "notification-url": "https://packagist.org/downloads/",
            "license": [
                "MIT"
            ],
            "authors": [
                {
                    "name": "Emanuil Rusev",
                    "email": "hello@erusev.com",
                    "homepage": "http://erusev.com"
                }
            ],
            "description": "An extension of Parsedown that adds support for Markdown Extra.",
            "homepage": "https://github.com/erusev/parsedown-extra",
            "keywords": [
                "markdown",
                "markdown extra",
                "parsedown",
                "parser"
            ],
            "time": "2014-09-16 11:54:01"
        },
        {
            "name": "silverstripe/docsviewer",
            "version": "dev-master",
            "source": {
                "type": "git",
                "url": "https://github.com/silverstripe/silverstripe-docsviewer.git",
                "reference": "05741b1dcb0dee15ab44efd957ec1ed220fe1b63"
            },
            "dist": {
                "type": "zip",
                "url": "https://api.github.com/repos/silverstripe/silverstripe-docsviewer/zipball/05741b1dcb0dee15ab44efd957ec1ed220fe1b63",
                "reference": "05741b1dcb0dee15ab44efd957ec1ed220fe1b63",
                "shasum": ""
            },
            "require": {
                "erusev/parsedown": "~1.1.0",
                "erusev/parsedown-extra": "0.2.2",
                "silverstripe/framework": "~3.1"
            },
            "suggest": {
                "silverstripe/staticpublisher": "Allows publishing documentation as HTML"
            },
            "type": "silverstripe-module",
            "notification-url": "https://packagist.org/downloads/",
            "license": [
                "BSD-3-Clause"
            ],
            "authors": [
                {
                    "name": "Will Rossiter",
                    "email": "will@fullscreen.io",
                    "homepage": "http://wilr.github.io"
                }
            ],
            "description": "Documentation viewer module for SilverStripe",
            "keywords": [
                "documentation",
                "silverstripe"
            ],
            "time": "2016-03-11 17:35:26"
        }
    ],
    "aliases": [],
    "minimum-stability": "dev",
    "stability-flags": {
        "gdmedia/ss-auto-git-ignore": 20,
        "ajshort/silverstripe-memberprofiles": 20,
        "colymba/gridfield-bulk-editing-tools": 20,
        "silverstripe/widgets": 20,
        "undefinedoffset/sortablegridfield": 20,
        "wilr/silverstripe-facebookconnect": 20,
        "silverstripe/restfulserver": 20,
        "silverstripe/controllerpolicy": 20,
        "unclecheese/betterbuttons": 20
    },
    "prefer-stable": false,
    "prefer-lowest": false,
    "platform": {
        "php": ">=5.3.2"
    },
    "platform-dev": []
}
